lockfileVersion: '6.0'

settings:
  autoInstallPeers: true
  excludeLinksFromLockfile: false

dependencies:
  '@types/pubsub-js':
    specifier: ^1.8.6
    version: 1.8.6

devDependencies:
  '@shoelace-style/shoelace':
    specifier: ^2.12.0
    version: 2.12.0(@types/react@18.2.43)
  '@types/leaflet':
    specifier: ^1.9.8
    version: 1.9.8
  '@types/mithril':
    specifier: ^2.2.6
    version: 2.2.6
  '@vaadin/app-layout':
    specifier: ^24.3.0
    version: 24.3.0
  '@vaadin/tabs':
    specifier: ^24.3.0
    version: 24.3.0
  active-table:
    specifier: ^1.0.16
    version: 1.0.16
  leaflet:
    specifier: ^1.9.4
    version: 1.9.4
  mithril:
    specifier: ^2.2.2
    version: 2.2.2
  prettier:
    specifier: ^3.1.1
    version: 3.1.1
  pubsub-js:
    specifier: ^1.9.4
    version: 1.9.4
  reconnecting-websocket:
    specifier: ^4.4.0
    version: 4.4.0
  tachyons:
    specifier: 4.12.0
    version: 4.12.0
  vite:
    specifier: ^5.0.7
    version: 5.0.7
  vite-tsconfig-paths:
    specifier: ^4.2.2
    version: 4.2.2(vite@5.0.7)
  xterm:
    specifier: ^5.3.0
    version: 5.3.0
  xterm-addon-fit:
    specifier: ^0.8.0
    version: 0.8.0(xterm@5.3.0)

packages:

  /@ctrl/tinycolor@4.0.2:
    resolution: {integrity: sha512-fKQinXE9pJ83J1n+C3rDl2xNLJwfoYNvXLRy5cYZA9hBJJw2q+sbb/AOSNKmLxnTWyNTmy4994dueSwP4opi5g==}
    engines: {node: '>=14'}
    dev: true

  /@esbuild/android-arm64@0.19.9:
    resolution: {integrity: sha512-q4cR+6ZD0938R19MyEW3jEsMzbb/1rulLXiNAJQADD/XYp7pT+rOS5JGxvpRW8dFDEfjW4wLgC/3FXIw4zYglQ==}
    engines: {node: '>=12'}
    cpu: [arm64]
    os: [android]
    requiresBuild: true
    dev: true
    optional: true

  /@esbuild/android-arm@0.19.9:
    resolution: {integrity: sha512-jkYjjq7SdsWuNI6b5quymW0oC83NN5FdRPuCbs9HZ02mfVdAP8B8eeqLSYU3gb6OJEaY5CQabtTFbqBf26H3GA==}
    engines: {node: '>=12'}
    cpu: [arm]
    os: [android]
    requiresBuild: true
    dev: true
    optional: true

  /@esbuild/android-x64@0.19.9:
    resolution: {integrity: sha512-KOqoPntWAH6ZxDwx1D6mRntIgZh9KodzgNOy5Ebt9ghzffOk9X2c1sPwtM9P+0eXbefnDhqYfkh5PLP5ULtWFA==}
    engines: {node: '>=12'}
    cpu: [x64]
    os: [android]
    requiresBuild: true
    dev: true
    optional: true

  /@esbuild/darwin-arm64@0.19.9:
    resolution: {integrity: sha512-KBJ9S0AFyLVx2E5D8W0vExqRW01WqRtczUZ8NRu+Pi+87opZn5tL4Y0xT0mA4FtHctd0ZgwNoN639fUUGlNIWw==}
    engines: {node: '>=12'}
    cpu: [arm64]
    os: [darwin]
    requiresBuild: true
    dev: true
    optional: true

  /@esbuild/darwin-x64@0.19.9:
    resolution: {integrity: sha512-vE0VotmNTQaTdX0Q9dOHmMTao6ObjyPm58CHZr1UK7qpNleQyxlFlNCaHsHx6Uqv86VgPmR4o2wdNq3dP1qyDQ==}
    engines: {node: '>=12'}
    cpu: [x64]
    os: [darwin]
    requiresBuild: true
    dev: true
    optional: true

  /@esbuild/freebsd-arm64@0.19.9:
    resolution: {integrity: sha512-uFQyd/o1IjiEk3rUHSwUKkqZwqdvuD8GevWF065eqgYfexcVkxh+IJgwTaGZVu59XczZGcN/YMh9uF1fWD8j1g==}
    engines: {node: '>=12'}
    cpu: [arm64]
    os: [freebsd]
    requiresBuild: true
    dev: true
    optional: true

  /@esbuild/freebsd-x64@0.19.9:
    resolution: {integrity: sha512-WMLgWAtkdTbTu1AWacY7uoj/YtHthgqrqhf1OaEWnZb7PQgpt8eaA/F3LkV0E6K/Lc0cUr/uaVP/49iE4M4asA==}
    engines: {node: '>=12'}
    cpu: [x64]
    os: [freebsd]
    requiresBuild: true
    dev: true
    optional: true

  /@esbuild/linux-arm64@0.19.9:
    resolution: {integrity: sha512-PiPblfe1BjK7WDAKR1Cr9O7VVPqVNpwFcPWgfn4xu0eMemzRp442hXyzF/fSwgrufI66FpHOEJk0yYdPInsmyQ==}
    engines: {node: '>=12'}
    cpu: [arm64]
    os: [linux]
    requiresBuild: true
    dev: true
    optional: true

  /@esbuild/linux-arm@0.19.9:
    resolution: {integrity: sha512-C/ChPohUYoyUaqn1h17m/6yt6OB14hbXvT8EgM1ZWaiiTYz7nWZR0SYmMnB5BzQA4GXl3BgBO1l8MYqL/He3qw==}
    engines: {node: '>=12'}
    cpu: [arm]
    os: [linux]
    requiresBuild: true
    dev: true
    optional: true

  /@esbuild/linux-ia32@0.19.9:
    resolution: {integrity: sha512-f37i/0zE0MjDxijkPSQw1CO/7C27Eojqb+r3BbHVxMLkj8GCa78TrBZzvPyA/FNLUMzP3eyHCVkAopkKVja+6Q==}
    engines: {node: '>=12'}
    cpu: [ia32]
    os: [linux]
    requiresBuild: true
    dev: true
    optional: true

  /@esbuild/linux-loong64@0.19.9:
    resolution: {integrity: sha512-t6mN147pUIf3t6wUt3FeumoOTPfmv9Cc6DQlsVBpB7eCpLOqQDyWBP1ymXn1lDw4fNUSb/gBcKAmvTP49oIkaA==}
    engines: {node: '>=12'}
    cpu: [loong64]
    os: [linux]
    requiresBuild: true
    dev: true
    optional: true

  /@esbuild/linux-mips64el@0.19.9:
    resolution: {integrity: sha512-jg9fujJTNTQBuDXdmAg1eeJUL4Jds7BklOTkkH80ZgQIoCTdQrDaHYgbFZyeTq8zbY+axgptncko3v9p5hLZtw==}
    engines: {node: '>=12'}
    cpu: [mips64el]
    os: [linux]
    requiresBuild: true
    dev: true
    optional: true

  /@esbuild/linux-ppc64@0.19.9:
    resolution: {integrity: sha512-tkV0xUX0pUUgY4ha7z5BbDS85uI7ABw3V1d0RNTii7E9lbmV8Z37Pup2tsLV46SQWzjOeyDi1Q7Wx2+QM8WaCQ==}
    engines: {node: '>=12'}
    cpu: [ppc64]
    os: [linux]
    requiresBuild: true
    dev: true
    optional: true

  /@esbuild/linux-riscv64@0.19.9:
    resolution: {integrity: sha512-DfLp8dj91cufgPZDXr9p3FoR++m3ZJ6uIXsXrIvJdOjXVREtXuQCjfMfvmc3LScAVmLjcfloyVtpn43D56JFHg==}
    engines: {node: '>=12'}
    cpu: [riscv64]
    os: [linux]
    requiresBuild: true
    dev: true
    optional: true

  /@esbuild/linux-s390x@0.19.9:
    resolution: {integrity: sha512-zHbglfEdC88KMgCWpOl/zc6dDYJvWGLiUtmPRsr1OgCViu3z5GncvNVdf+6/56O2Ca8jUU+t1BW261V6kp8qdw==}
    engines: {node: '>=12'}
    cpu: [s390x]
    os: [linux]
    requiresBuild: true
    dev: true
    optional: true

  /@esbuild/linux-x64@0.19.9:
    resolution: {integrity: sha512-JUjpystGFFmNrEHQnIVG8hKwvA2DN5o7RqiO1CVX8EN/F/gkCjkUMgVn6hzScpwnJtl2mPR6I9XV1oW8k9O+0A==}
    engines: {node: '>=12'}
    cpu: [x64]
    os: [linux]
    requiresBuild: true
    dev: true
    optional: true

  /@esbuild/netbsd-x64@0.19.9:
    resolution: {integrity: sha512-GThgZPAwOBOsheA2RUlW5UeroRfESwMq/guy8uEe3wJlAOjpOXuSevLRd70NZ37ZrpO6RHGHgEHvPg1h3S1Jug==}
    engines: {node: '>=12'}
    cpu: [x64]
    os: [netbsd]
    requiresBuild: true
    dev: true
    optional: true

  /@esbuild/openbsd-x64@0.19.9:
    resolution: {integrity: sha512-Ki6PlzppaFVbLnD8PtlVQfsYw4S9n3eQl87cqgeIw+O3sRr9IghpfSKY62mggdt1yCSZ8QWvTZ9jo9fjDSg9uw==}
    engines: {node: '>=12'}
    cpu: [x64]
    os: [openbsd]
    requiresBuild: true
    dev: true
    optional: true

  /@esbuild/sunos-x64@0.19.9:
    resolution: {integrity: sha512-MLHj7k9hWh4y1ddkBpvRj2b9NCBhfgBt3VpWbHQnXRedVun/hC7sIyTGDGTfsGuXo4ebik2+3ShjcPbhtFwWDw==}
    engines: {node: '>=12'}
    cpu: [x64]
    os: [sunos]
    requiresBuild: true
    dev: true
    optional: true

  /@esbuild/win32-arm64@0.19.9:
    resolution: {integrity: sha512-GQoa6OrQ8G08guMFgeXPH7yE/8Dt0IfOGWJSfSH4uafwdC7rWwrfE6P9N8AtPGIjUzdo2+7bN8Xo3qC578olhg==}
    engines: {node: '>=12'}
    cpu: [arm64]
    os: [win32]
    requiresBuild: true
    dev: true
    optional: true

  /@esbuild/win32-ia32@0.19.9:
    resolution: {integrity: sha512-UOozV7Ntykvr5tSOlGCrqU3NBr3d8JqPes0QWN2WOXfvkWVGRajC+Ym0/Wj88fUgecUCLDdJPDF0Nna2UK3Qtg==}
    engines: {node: '>=12'}
    cpu: [ia32]
    os: [win32]
    requiresBuild: true
    dev: true
    optional: true

  /@esbuild/win32-x64@0.19.9:
    resolution: {integrity: sha512-oxoQgglOP7RH6iasDrhY+R/3cHrfwIDvRlT4CGChflq6twk8iENeVvMJjmvBb94Ik1Z+93iGO27err7w6l54GQ==}
    engines: {node: '>=12'}
    cpu: [x64]
    os: [win32]
    requiresBuild: true
    dev: true
    optional: true

  /@floating-ui/core@1.5.2:
    resolution: {integrity: sha512-Ii3MrfY/GAIN3OhXNzpCKaLxHQfJF9qvwq/kEJYdqDxeIHa01K8sldugal6TmeeXl+WMvhv9cnVzUTaFFJF09A==}
    dependencies:
      '@floating-ui/utils': 0.1.6
    dev: true

  /@floating-ui/dom@1.5.3:
    resolution: {integrity: sha512-ClAbQnEqJAKCJOEbbLo5IUlZHkNszqhuxS4fHAVxRPXPya6Ysf2G8KypnYcOTpx6I8xcgF9bbHb6g/2KpbV8qA==}
    dependencies:
      '@floating-ui/core': 1.5.2
      '@floating-ui/utils': 0.1.6
    dev: true

  /@floating-ui/utils@0.1.6:
    resolution: {integrity: sha512-OfX7E2oUDYxtBvsuS4e/jSn4Q9Qb6DzgeYtsAdkPZ47znpoNsMgZw0+tVijiv3uGNR6dgNlty6r9rzIzHjtd/A==}
    dev: true

  /@lit-labs/ssr-dom-shim@1.1.2:
    resolution: {integrity: sha512-jnOD+/+dSrfTWYfSXBXlo5l5f0q1UuJo3tkbMDCYA2lKUYq79jaxqtGEvnRoh049nt1vdo1+45RinipU6FGY2g==}
    dev: true

  /@lit/react@1.0.2(@types/react@18.2.43):
    resolution: {integrity: sha512-UJ5TQ46DPcJDIzyjbwbj6Iye0XcpCxL2yb03zcWq1BpWchpXS3Z0BPVhg7zDfZLF6JemPml8u/gt/+KwJ/23sg==}
    peerDependencies:
      '@types/react': 17 || 18
    dependencies:
      '@types/react': 18.2.43
    dev: true

  /@lit/reactive-element@2.0.2:
    resolution: {integrity: sha512-SVOwLAWUQg3Ji1egtOt1UiFe4zdDpnWHyc5qctSceJ5XIu0Uc76YmGpIjZgx9YJ0XtdW0Jm507sDvjOu+HnB8w==}
    dependencies:
      '@lit-labs/ssr-dom-shim': 1.1.2
    dev: true

  /@open-wc/dedupe-mixin@1.4.0:
    resolution: {integrity: sha512-Sj7gKl1TLcDbF7B6KUhtvr+1UCxdhMbNY5KxdU5IfMFWqL8oy1ZeAcCANjoB1TL0AJTcPmcCFsCbHf8X2jGDUA==}
    dev: true

  /@polymer/polymer@3.5.1:
    resolution: {integrity: sha512-JlAHuy+1qIC6hL1ojEUfIVD58fzTpJAoCxFwV5yr0mYTXV1H8bz5zy0+rC963Cgr9iNXQ4T9ncSjC2fkF9BQfw==}
    dependencies:
      '@webcomponents/shadycss': 1.11.2
    dev: true

  /@rollup/rollup-android-arm-eabi@4.7.0:
    resolution: {integrity: sha512-rGku10pL1StFlFvXX5pEv88KdGW6DHUghsxyP/aRYb9eH+74jTGJ3U0S/rtlsQ4yYq1Hcc7AMkoJOb1xu29Fxw==}
    cpu: [arm]
    os: [android]
    requiresBuild: true
    dev: true
    optional: true

  /@rollup/rollup-android-arm64@4.7.0:
    resolution: {integrity: sha512-/EBw0cuJ/KVHiU2qyVYUhogXz7W2vXxBzeE9xtVIMC+RyitlY2vvaoysMUqASpkUtoNIHlnKTu/l7mXOPgnKOA==}
    cpu: [arm64]
    os: [android]
    requiresBuild: true
    dev: true
    optional: true

  /@rollup/rollup-darwin-arm64@4.7.0:
    resolution: {integrity: sha512-4VXG1bgvClJdbEYYjQ85RkOtwN8sqI3uCxH0HC5w9fKdqzRzgG39K7GAehATGS8jghA7zNoS5CjSKkDEqWmNZg==}
    cpu: [arm64]
    os: [darwin]
    requiresBuild: true
    dev: true
    optional: true

  /@rollup/rollup-darwin-x64@4.7.0:
    resolution: {integrity: sha512-/ImhO+T/RWJ96hUbxiCn2yWI0/MeQZV/aeukQQfhxiSXuZJfyqtdHPUPrc84jxCfXTxbJLmg4q+GBETeb61aNw==}
    cpu: [x64]
    os: [darwin]
    requiresBuild: true
    dev: true
    optional: true

  /@rollup/rollup-linux-arm-gnueabihf@4.7.0:
    resolution: {integrity: sha512-zhye8POvTyUXlKbfPBVqoHy3t43gIgffY+7qBFqFxNqVtltQLtWeHNAbrMnXiLIfYmxcoL/feuLDote2tx+Qbg==}
    cpu: [arm]
    os: [linux]
    requiresBuild: true
    dev: true
    optional: true

  /@rollup/rollup-linux-arm64-gnu@4.7.0:
    resolution: {integrity: sha512-RAdr3OJnUum6Vs83cQmKjxdTg31zJnLLTkjhcFt0auxM6jw00GD6IPFF42uasYPr/wGC6TRm7FsQiJyk0qIEfg==}
    cpu: [arm64]
    os: [linux]
    requiresBuild: true
    dev: true
    optional: true

  /@rollup/rollup-linux-arm64-musl@4.7.0:
    resolution: {integrity: sha512-nhWwYsiJwZGq7SyR3afS3EekEOsEAlrNMpPC4ZDKn5ooYSEjDLe9W/xGvoIV8/F/+HNIY6jY8lIdXjjxfxopXw==}
    cpu: [arm64]
    os: [linux]
    requiresBuild: true
    dev: true
    optional: true

  /@rollup/rollup-linux-riscv64-gnu@4.7.0:
    resolution: {integrity: sha512-rlfy5RnQG1aop1BL/gjdH42M2geMUyVQqd52GJVirqYc787A/XVvl3kQ5NG/43KXgOgE9HXgCaEH05kzQ+hLoA==}
    cpu: [riscv64]
    os: [linux]
    requiresBuild: true
    dev: true
    optional: true

  /@rollup/rollup-linux-x64-gnu@4.7.0:
    resolution: {integrity: sha512-cCkoGlGWfBobdDtiiypxf79q6k3/iRVGu1HVLbD92gWV5WZbmuWJCgRM4x2N6i7ljGn1cGytPn9ZAfS8UwF6vg==}
    cpu: [x64]
    os: [linux]
    requiresBuild: true
    dev: true
    optional: true

  /@rollup/rollup-linux-x64-musl@4.7.0:
    resolution: {integrity: sha512-R2oBf2p/Arc1m+tWmiWbpHBjEcJnHVnv6bsypu4tcKdrYTpDfl1UT9qTyfkIL1iiii5D4WHxUHCg5X0pzqmxFg==}
    cpu: [x64]
    os: [linux]
    requiresBuild: true
    dev: true
    optional: true

  /@rollup/rollup-win32-arm64-msvc@4.7.0:
    resolution: {integrity: sha512-CPtgaQL1aaPc80m8SCVEoxFGHxKYIt3zQYC3AccL/SqqiWXblo3pgToHuBwR8eCP2Toa+X1WmTR/QKFMykws7g==}
    cpu: [arm64]
    os: [win32]
    requiresBuild: true
    dev: true
    optional: true

  /@rollup/rollup-win32-ia32-msvc@4.7.0:
    resolution: {integrity: sha512-pmioUlttNh9GXF5x2CzNa7Z8kmRTyhEzzAC+2WOOapjewMbl+3tGuAnxbwc5JyG8Jsz2+hf/QD/n5VjimOZ63g==}
    cpu: [ia32]
    os: [win32]
    requiresBuild: true
    dev: true
    optional: true

  /@rollup/rollup-win32-x64-msvc@4.7.0:
    resolution: {integrity: sha512-SeZzC2QhhdBQUm3U0c8+c/P6UlRyBcLL2Xp5KX7z46WXZxzR8RJSIWL9wSUeBTgxog5LTPJuPj0WOT9lvrtP7Q==}
    cpu: [x64]
    os: [win32]
    requiresBuild: true
    dev: true
    optional: true

  /@shoelace-style/animations@1.1.0:
    resolution: {integrity: sha512-Be+cahtZyI2dPKRm8EZSx3YJQ+jLvEcn3xzRP7tM4tqBnvd/eW/64Xh0iOf0t2w5P8iJKfdBbpVNE9naCaOf2g==}
    dev: true

  /@shoelace-style/localize@3.1.2:
    resolution: {integrity: sha512-Hf45HeO+vdQblabpyZOTxJ4ZeZsmIUYXXPmoYrrR4OJ5OKxL+bhMz5mK8JXgl7HsoEowfz7+e248UGi861de9Q==}
    dev: true

  /@shoelace-style/shoelace@2.12.0(@types/react@18.2.43):
    resolution: {integrity: sha512-1Amirj0c5WLkymDcP6ZQmBfMC6zTNmGGK7/mjmGq4yhljrVaECVlBoKm0tfmo1jd3r8XJ8xYbQ8cxPAlwiDDvw==}
    engines: {node: '>=14.17.0'}
    dependencies:
      '@ctrl/tinycolor': 4.0.2
      '@floating-ui/dom': 1.5.3
      '@lit/react': 1.0.2(@types/react@18.2.43)
      '@shoelace-style/animations': 1.1.0
      '@shoelace-style/localize': 3.1.2
      composed-offset-position: 0.0.4
      lit: 3.1.0
      qr-creator: 1.0.0
    transitivePeerDependencies:
      - '@types/react'
    dev: true

  /@types/geojson@7946.0.13:
    resolution: {integrity: sha512-bmrNrgKMOhM3WsafmbGmC+6dsF2Z308vLFsQ3a/bT8X8Sv5clVYpPars/UPq+sAaJP+5OoLAYgwbkS5QEJdLUQ==}
    dev: true

  /@types/leaflet@1.9.8:
    resolution: {integrity: sha512-EXdsL4EhoUtGm2GC2ZYtXn+Fzc6pluVgagvo2VC1RHWToLGlTRwVYoDpqS/7QXa01rmDyBjJk3Catpf60VMkwg==}
    dependencies:
      '@types/geojson': 7946.0.13
    dev: true

  /@types/mithril@2.2.6:
    resolution: {integrity: sha512-cU142pS/rDHpE0NlC2XJpejD2ihzMQ+jI7R0cOLCVWRQJFxwD9CUxJGdRmWu9DrGLr52G2QjMRCfXs+ew4LD2Q==}
    dev: true

  /@types/prop-types@15.7.11:
    resolution: {integrity: sha512-ga8y9v9uyeiLdpKddhxYQkxNDrfvuPrlFb0N1qnZZByvcElJaXthF1UhvCh9TLWJBEHeNtdnbysW7Y6Uq8CVng==}
    dev: true

  /@types/pubsub-js@1.8.6:
    resolution: {integrity: sha512-Kwug5cwV0paUDm/NfwDx1sp9xI0bGIvmWJjJWCU8NngkCCMt3EIC7oPDvb6fV7BR8kPpFyyBu4D11bda/2MdPA==}
    dev: false

  /@types/react@18.2.43:
    resolution: {integrity: sha512-nvOV01ZdBdd/KW6FahSbcNplt2jCJfyWdTos61RYHV+FVv5L/g9AOX1bmbVcWcLFL8+KHQfh1zVIQrud6ihyQA==}
    dependencies:
      '@types/prop-types': 15.7.11
      '@types/scheduler': 0.16.8
      csstype: 3.1.3
    dev: true

  /@types/scheduler@0.16.8:
    resolution: {integrity: sha512-WZLiwShhwLRmeV6zH+GkbOFT6Z6VklCItrDioxUnv+u4Ll+8vKeFySoFyK/0ctcRpOmwAicELfmys1sDc/Rw+A==}
    dev: true

  /@types/trusted-types@2.0.7:
    resolution: {integrity: sha512-ScaPdn1dQczgbl0QFTeTOmVHFULt394XJgOQNoyVhZ6r2vLnMLJfBPd53SB52T/3G36VI1/g2MZaX0cwDuXsfw==}
    dev: true

  /@vaadin/a11y-base@24.3.0:
    resolution: {integrity: sha512-U5U8+Lyfo2awgNU8LVCGVCSZhP20tQJhfQrce10nvxgc0rc8Xk+xNT0bKJHbpnYpX4AYthu05y6qfuriDuUHiA==}
    dependencies:
      '@open-wc/dedupe-mixin': 1.4.0
      '@polymer/polymer': 3.5.1
      '@vaadin/component-base': 24.3.0
      lit: 3.1.0
    dev: true

  /@vaadin/app-layout@24.3.0:
    resolution: {integrity: sha512-QJySK396dFF/2vCOnWuADDgHnIoESHigX6MrHhsWRm2Uq2CCRR3VasQHaKqIIWCSTvdgidCD9u6L/X9h9lDvJQ==}
    dependencies:
      '@polymer/polymer': 3.5.1
      '@vaadin/a11y-base': 24.3.0
      '@vaadin/button': 24.3.0
      '@vaadin/component-base': 24.3.0
      '@vaadin/vaadin-lumo-styles': 24.3.0
      '@vaadin/vaadin-material-styles': 24.3.0
      '@vaadin/vaadin-themable-mixin': 24.3.0
    dev: true

  /@vaadin/button@24.3.0:
    resolution: {integrity: sha512-mYk2AE5OpP/2FAF8QCfsccG2fKe7nal7Dv0rq2zflZAT3Gvr/32dQbGgwmxU3QfsWGhGHAlODJzi+UUAvncVFQ==}
    dependencies:
      '@open-wc/dedupe-mixin': 1.4.0
      '@polymer/polymer': 3.5.1
      '@vaadin/a11y-base': 24.3.0
      '@vaadin/component-base': 24.3.0
      '@vaadin/vaadin-lumo-styles': 24.3.0
      '@vaadin/vaadin-material-styles': 24.3.0
      '@vaadin/vaadin-themable-mixin': 24.3.0
      lit: 3.1.0
    dev: true

  /@vaadin/component-base@24.3.0:
    resolution: {integrity: sha512-EChLxA1M4Q0U1re8hRVGOFVAirCLkzRyyRfrvkVPMGGfFho2vl4OQl2lApHNtIIhTunPkhAH/cK02ME0PHjR6Q==}
    dependencies:
      '@open-wc/dedupe-mixin': 1.4.0
      '@polymer/polymer': 3.5.1
      '@vaadin/vaadin-development-mode-detector': 2.0.6
      '@vaadin/vaadin-usage-statistics': 2.1.2
      lit: 3.1.0
    dev: true

  /@vaadin/icon@24.3.0:
    resolution: {integrity: sha512-8xmJLD5xDHlEEJXkpo1hvTL2UfYAZH0QZrwaZaHkZ7m4allBh5z8pMjFK6aCDSZwSp431zfTr/Tbx0IjRkVcIw==}
    dependencies:
      '@polymer/polymer': 3.5.1
      '@vaadin/component-base': 24.3.0
      '@vaadin/vaadin-lumo-styles': 24.3.0
      '@vaadin/vaadin-themable-mixin': 24.3.0
      lit: 3.1.0
    dev: true

  /@vaadin/item@24.3.0:
    resolution: {integrity: sha512-lUatdjabcb2PkL5idIMITEbyu/ZEn5bP8uHMhpkUFjrA1xQ0EyR981PyUxK+R9eZcXaNZg2i8brGcRodZXM/FA==}
    dependencies:
      '@open-wc/dedupe-mixin': 1.4.0
      '@polymer/polymer': 3.5.1
      '@vaadin/a11y-base': 24.3.0
      '@vaadin/component-base': 24.3.0
      '@vaadin/vaadin-lumo-styles': 24.3.0
      '@vaadin/vaadin-material-styles': 24.3.0
      '@vaadin/vaadin-themable-mixin': 24.3.0
    dev: true

  /@vaadin/tabs@24.3.0:
    resolution: {integrity: sha512-hd+vsHBvknKDE2gIDOQTQluPYlobaJ5EtaL31uIzWJl4ctnpfZxRbWeuuuooosA8QS9NDWiTN6a1BX05+K0ktw==}
    dependencies:
      '@open-wc/dedupe-mixin': 1.4.0
      '@polymer/polymer': 3.5.1
      '@vaadin/a11y-base': 24.3.0
      '@vaadin/component-base': 24.3.0
      '@vaadin/item': 24.3.0
      '@vaadin/vaadin-lumo-styles': 24.3.0
      '@vaadin/vaadin-material-styles': 24.3.0
      '@vaadin/vaadin-themable-mixin': 24.3.0
      lit: 3.1.0
    dev: true

  /@vaadin/vaadin-development-mode-detector@2.0.6:
    resolution: {integrity: sha512-N6a5nLT/ytEUlpPo+nvdCKIGoyNjPsj3rzPGvGYK8x9Ceg76OTe1xI/GtN71mRW9e2HUScR0kCNOkl1Z63YDjw==}
    dev: true

  /@vaadin/vaadin-lumo-styles@24.3.0:
    resolution: {integrity: sha512-OP//HGp6YxfyyfoNYgjeUQCxGU0kKDGLKCRW3JnFndoVuFfDj1KY9jQJqmUaQsEZfos/1c4BDrQkCgPZicLz+A==}
    dependencies:
      '@polymer/polymer': 3.5.1
      '@vaadin/component-base': 24.3.0
      '@vaadin/icon': 24.3.0
      '@vaadin/vaadin-themable-mixin': 24.3.0
    dev: true

  /@vaadin/vaadin-material-styles@24.3.0:
    resolution: {integrity: sha512-rJP9DVExuCld68DYI/VEslYKz3SGIEkPlTI5U6eGSs6VoeJ516i0h86L2Rbf4YzUNukoOP0J0+UPG/bVryKLLw==}
    dependencies:
      '@polymer/polymer': 3.5.1
      '@vaadin/component-base': 24.3.0
      '@vaadin/vaadin-themable-mixin': 24.3.0
    dev: true

  /@vaadin/vaadin-themable-mixin@24.3.0:
    resolution: {integrity: sha512-871BRT03i6aEhRrZKLdcSXgSfJh/b7zBfzEcY3XD2n5EnMu/XYhm5BwtO4+CUY8w6w+Nh1tHDozCYOfJDAYZvw==}
    dependencies:
      '@open-wc/dedupe-mixin': 1.4.0
      lit: 3.1.0
    dev: true

  /@vaadin/vaadin-usage-statistics@2.1.2:
    resolution: {integrity: sha512-xKs1PvRfTXsG0eWWcImLXWjv7D+f1vfoIvovppv6pZ5QX8xgcxWUdNgERlOOdGt3CTuxQXukTBW3+Qfva+OXSg==}
    engines: {node: ^12.20.0 || ^14.13.1 || >=16.0.0}
    requiresBuild: true
    dependencies:
      '@vaadin/vaadin-development-mode-detector': 2.0.6
    dev: true

  /@webcomponents/shadycss@1.11.2:
    resolution: {integrity: sha512-vRq+GniJAYSBmTRnhCYPAPq6THYqovJ/gzGThWbgEZUQaBccndGTi1hdiUP15HzEco0I6t4RCtXyX0rsSmwgPw==}
    dev: true

  /active-table@1.0.16:
    resolution: {integrity: sha512-7XM5jb7UFjrl+n3ZBFVZIhRzh++xUQPtAJEmulpZs/y7XmZ7j13sVa3o51hgGRxo3ISZMzQh0jZ54NeQ3f/MxQ==}
    dependencies:
      lit: 3.1.0
    dev: true

  /balanced-match@1.0.2:
    resolution: {integrity: sha512-3oSeUO0TMV67hN1AmbXsK4yaqU7tjiHlbxRDZOpH0KW9+CeX4bRAaX0Anxt0tx2MrpRpWwQaPwIlISEJhYU5Pw==}
    dev: true

  /brace-expansion@1.1.11:
    resolution: {integrity: sha512-iCuPHDFgrHX7H2vEI/5xpz07zSHB00TpugqhmYtVmMO6518mCuRMoOYFldEBl0g187ufozdaHgWKcYFb61qGiA==}
    dependencies:
      balanced-match: 1.0.2
      concat-map: 0.0.1
    dev: true

  /composed-offset-position@0.0.4:
    resolution: {integrity: sha512-vMlvu1RuNegVE0YsCDSV/X4X10j56mq7PCIyOKK74FxkXzGLwhOUmdkJLSdOBOMwWycobGUMgft2lp+YgTe8hw==}
    dev: true

  /concat-map@0.0.1:
    resolution: {integrity: sha512-/Srv4dswyQNBfohGpz9o6Yb3Gz3SrUDqBH5rTuhGR7ahtlbYKnVxw2bCFMRljaA7EXHaXZ8wsHdodFvbkhKmqg==}
    dev: true

  /csstype@3.1.3:
    resolution: {integrity: sha512-M1uQkMl8rQK/szD0LNhtqxIPLpimGm8sOBwU7lLnCpSbTyY3yeU1Vc7l4KT5zT4s/yOxHH5O7tIuuLOCnLADRw==}
    dev: true

  /debug@4.3.4:
    resolution: {integrity: sha512-PRWFHuSU3eDtQJPvnNY7Jcket1j0t5OuOsFzPPzsekD52Zl8qUfFIPEiswXqIvHWGVHOgX+7G/vCNNhehwxfkQ==}
    engines: {node: '>=6.0'}
    peerDependencies:
      supports-color: '*'
    peerDependenciesMeta:
      supports-color:
        optional: true
    dependencies:
      ms: 2.1.2
    dev: true

  /esbuild@0.19.9:
    resolution: {integrity: sha512-U9CHtKSy+EpPsEBa+/A2gMs/h3ylBC0H0KSqIg7tpztHerLi6nrrcoUJAkNCEPumx8yJ+Byic4BVwHgRbN0TBg==}
    engines: {node: '>=12'}
    hasBin: true
    requiresBuild: true
    optionalDependencies:
      '@esbuild/android-arm': 0.19.9
      '@esbuild/android-arm64': 0.19.9
      '@esbuild/android-x64': 0.19.9
      '@esbuild/darwin-arm64': 0.19.9
      '@esbuild/darwin-x64': 0.19.9
      '@esbuild/freebsd-arm64': 0.19.9
      '@esbuild/freebsd-x64': 0.19.9
      '@esbuild/linux-arm': 0.19.9
      '@esbuild/linux-arm64': 0.19.9
      '@esbuild/linux-ia32': 0.19.9
      '@esbuild/linux-loong64': 0.19.9
      '@esbuild/linux-mips64el': 0.19.9
      '@esbuild/linux-ppc64': 0.19.9
      '@esbuild/linux-riscv64': 0.19.9
      '@esbuild/linux-s390x': 0.19.9
      '@esbuild/linux-x64': 0.19.9
      '@esbuild/netbsd-x64': 0.19.9
      '@esbuild/openbsd-x64': 0.19.9
      '@esbuild/sunos-x64': 0.19.9
      '@esbuild/win32-arm64': 0.19.9
      '@esbuild/win32-ia32': 0.19.9
      '@esbuild/win32-x64': 0.19.9
    dev: true

  /fs.realpath@1.0.0:
    resolution: {integrity: sha512-OO0pH2lK6a0hZnAdau5ItzHPI6pUlvI7jMVnxUQRtw4owF2wk8lOSabtGDCTP4Ggrg2MbGnWO9X8K1t4+fGMDw==}
    dev: true

  /fsevents@2.3.3:
    resolution: {integrity: sha512-5xoDfX+fL7faATnagmWPpbFtwh/R77WmMMqqHGS65C3vvB0YHrgF+B1YmZ3441tMj5n63k0212XNoJwzlhffQw==}
    engines: {node: ^8.16.0 || ^10.6.0 || >=11.0.0}
    os: [darwin]
    requiresBuild: true
    dev: true
    optional: true

  /glob@7.2.3:
    resolution: {integrity: sha512-nFR0zLpU2YCaRxwoCJvL6UvCH2JFyFVIvwTLsIf21AuHlMskA1hhTdk+LlYJtOlYt9v6dvszD2BGRqBL+iQK9Q==}
    dependencies:
      fs.realpath: 1.0.0
      inflight: 1.0.6
      inherits: 2.0.4
      minimatch: 3.1.2
      once: 1.4.0
      path-is-absolute: 1.0.1
    dev: true

  /globrex@0.1.2:
    resolution: {integrity: sha512-uHJgbwAMwNFf5mLst7IWLNg14x1CkeqglJb/K3doi4dw6q2IvAAmM/Y81kevy83wP+Sst+nutFTYOGg3d1lsxg==}
    dev: true

  /inflight@1.0.6:
    resolution: {integrity: sha512-k92I/b08q4wvFscXCLvqfsHCrjrF7yiXsQuIVvVE7N82W3+aqpzuUdBbfhWcy/FZR3/4IgflMgKLOsvPDrGCJA==}
    dependencies:
      once: 1.4.0
      wrappy: 1.0.2
    dev: true

  /inherits@2.0.4:
    resolution: {integrity: sha512-k/vGaX4/Yla3WzyMCvTQOXYeIHvqOKtnqBduzTHpzpQZzAskKMhZ2K+EnBiSM9zGSoIFeMpXKxa4dYeZIQqewQ==}
    dev: true

  /leaflet@1.9.4:
    resolution: {integrity: sha512-nxS1ynzJOmOlHp+iL3FyWqK89GtNL8U8rvlMOsQdTTssxZwCXh8N2NB3GDQOL+YR3XnWyZAxwQixURb+FA74PA==}
    dev: true

  /lit-element@4.0.2:
    resolution: {integrity: sha512-/W6WQZUa5VEXwC7H9tbtDMdSs9aWil3Ou8hU6z2cOKWbsm/tXPAcsoaHVEtrDo0zcOIE5GF6QgU55tlGL2Nihg==}
    dependencies:
      '@lit-labs/ssr-dom-shim': 1.1.2
      '@lit/reactive-element': 2.0.2
      lit-html: 3.1.0
    dev: true

  /lit-html@3.1.0:
    resolution: {integrity: sha512-FwAjq3iNsaO6SOZXEIpeROlJLUlrbyMkn4iuv4f4u1H40Jw8wkeR/OUXZUHUoiYabGk8Y4Y0F/rgq+R4MrOLmA==}
    dependencies:
      '@types/trusted-types': 2.0.7
    dev: true

  /lit@3.1.0:
    resolution: {integrity: sha512-rzo/hmUqX8zmOdamDAeydfjsGXbbdtAFqMhmocnh2j9aDYqbu0fjXygjCa0T99Od9VQ/2itwaGrjZz/ZELVl7w==}
    dependencies:
      '@lit/reactive-element': 2.0.2
      lit-element: 4.0.2
      lit-html: 3.1.0
    dev: true

  /minimatch@3.1.2:
    resolution: {integrity: sha512-J7p63hRiAjw1NDEww1W7i37+ByIrOWO5XQQAzZ3VOcL0PNybwpfmV/N05zFAzwQ9USyEcX6t3UO+K5aqBQOIHw==}
    dependencies:
      brace-expansion: 1.1.11
    dev: true

  /mithril@2.2.2:
    resolution: {integrity: sha512-YRm6eLv2UUaWaWHdH8L+desW9+DN7+oM34CxJv6tT2e1lNVue8bxQlknQeDRn9aKlO8sIujm2wqUHwM+Hb1wGQ==}
    hasBin: true
    dependencies:
      ospec: 4.0.0
    dev: true

  /ms@2.1.2:
    resolution: {integrity: sha512-sGkPx+VjMtmA6MX27oA4FBFELFCZZ4S4XqeGOXCv68tT+jb3vk/RyaKWP0PTKyWtmLSM0b+adUTEvbs1PEaH2w==}
    dev: true

  /nanoid@3.3.7:
    resolution: {integrity: sha512-eSRppjcPIatRIMC1U6UngP8XFcz8MQWGQdt1MTBQ7NaAmvXDfvNxbvWV3x2y6CdEUciCSsDHDQZbhYaB8QEo2g==}
    engines: {node: ^10 || ^12 || ^13.7 || ^14 || >=15.0.1}
    hasBin: true
    dev: true

  /once@1.4.0:
    resolution: {integrity: sha512-lNaJgI+2Q5URQBkccEKHTQOPaXdUxnZZElQTZY0MFUAuaEqe1E+Nyvgdz/aIyNi6Z9MzO5dv1H8n58/GELp3+w==}
    dependencies:
      wrappy: 1.0.2
    dev: true

  /ospec@4.0.0:
    resolution: {integrity: sha512-MpDtkpscOxHYb4w71v7GB4LBsRuzxZnM+HdwjhzJQzu+5EJvA80yxTaKw+wp5Dmf5RV2/Bg3Uvz2vlI/PhW9Ow==}
    hasBin: true
    dependencies:
      glob: 7.2.3
    dev: true

  /path-is-absolute@1.0.1:
    resolution: {integrity: sha512-AVbw3UJ2e9bq64vSaS9Am0fje1Pa8pbGqTTsmXfaIiMpnr5DlDhfJOuLj9Sf95ZPVDAUerDfEk88MPmPe7UCQg==}
    engines: {node: '>=0.10.0'}
    dev: true

  /picocolors@1.0.0:
    resolution: {integrity: sha512-1fygroTLlHu66zi26VoTDv8yRgm0Fccecssto+MhsZ0D/DGW2sm8E8AjW7NU5VVTRt5GxbeZ5qBuJr+HyLYkjQ==}
    dev: true

  /postcss@8.4.32:
    resolution: {integrity: sha512-D/kj5JNu6oo2EIy+XL/26JEDTlIbB8hw85G8StOE6L74RQAVVP5rej6wxCNqyMbR4RkPfqvezVbPw81Ngd6Kcw==}
    engines: {node: ^10 || ^12 || >=14}
    dependencies:
      nanoid: 3.3.7
      picocolors: 1.0.0
      source-map-js: 1.0.2
    dev: true

  /prettier@3.1.1:
    resolution: {integrity: sha512-22UbSzg8luF4UuZtzgiUOfcGM8s4tjBv6dJRT7j275NXsy2jb4aJa4NNveul5x4eqlF1wuhuR2RElK71RvmVaw==}
    engines: {node: '>=14'}
    hasBin: true
    dev: true

  /pubsub-js@1.9.4:
    resolution: {integrity: sha512-hJYpaDvPH4w8ZX/0Fdf9ma1AwRgU353GfbaVfPjfJQf1KxZ2iHaHl3fAUw1qlJIR5dr4F3RzjGaWohYUEyoh7A==}
    dev: true

  /qr-creator@1.0.0:
    resolution: {integrity: sha512-C0cqfbS1P5hfqN4NhsYsUXePlk9BO+a45bAQ3xLYjBL3bOIFzoVEjs79Fado9u9BPBD3buHi3+vY+C8tHh4qMQ==}
    dev: true

  /reconnecting-websocket@4.4.0:
    resolution: {integrity: sha512-D2E33ceRPga0NvTDhJmphEgJ7FUYF0v4lr1ki0csq06OdlxKfugGzN0dSkxM/NfqCxYELK4KcaTOUOjTV6Dcng==}
    dev: true

  /rollup@4.7.0:
    resolution: {integrity: sha512-7Kw0dUP4BWH78zaZCqF1rPyQ8D5DSU6URG45v1dqS/faNsx9WXyess00uTOZxKr7oR/4TOjO1CPudT8L1UsEgw==}
    engines: {node: '>=18.0.0', npm: '>=8.0.0'}
    hasBin: true
    optionalDependencies:
      '@rollup/rollup-android-arm-eabi': 4.7.0
      '@rollup/rollup-android-arm64': 4.7.0
      '@rollup/rollup-darwin-arm64': 4.7.0
      '@rollup/rollup-darwin-x64': 4.7.0
      '@rollup/rollup-linux-arm-gnueabihf': 4.7.0
      '@rollup/rollup-linux-arm64-gnu': 4.7.0
      '@rollup/rollup-linux-arm64-musl': 4.7.0
      '@rollup/rollup-linux-riscv64-gnu': 4.7.0
      '@rollup/rollup-linux-x64-gnu': 4.7.0
      '@rollup/rollup-linux-x64-musl': 4.7.0
      '@rollup/rollup-win32-arm64-msvc': 4.7.0
      '@rollup/rollup-win32-ia32-msvc': 4.7.0
      '@rollup/rollup-win32-x64-msvc': 4.7.0
      fsevents: 2.3.3
    dev: true

  /source-map-js@1.0.2:
    resolution: {integrity: sha512-R0XvVJ9WusLiqTCEiGCmICCMplcCkIwwR11mOSD9CR5u+IXYdiseeEuXCVAjS54zqwkLcPNnmU4OeJ6tUrWhDw==}
    engines: {node: '>=0.10.0'}
    dev: true

  /tachyons@4.12.0:
    resolution: {integrity: sha512-2nA2IrYFy3raCM9fxJ2KODRGHVSZNTW3BR0YnlGsLUf1DA3pk3YfWZ/DdfbnZK6zLZS+jUenlUGJsKcA5fUiZg==}
    dev: true

  /tsconfck@2.1.2:
    resolution: {integrity: sha512-ghqN1b0puy3MhhviwO2kGF8SeMDNhEbnKxjK7h6+fvY9JAxqvXi8y5NAHSQv687OVboS2uZIByzGd45/YxrRHg==}
    engines: {node: ^14.13.1 || ^16 || >=18}
    hasBin: true
    peerDependencies:
      typescript: ^4.3.5 || ^5.0.0
    peerDependenciesMeta:
      typescript:
        optional: true
    dev: true

  /vite-tsconfig-paths@4.2.2(vite@5.0.7):
    resolution: {integrity: sha512-dq0FjyxHHDnp0uS3P12WEOX2W7NeuLzX9AWP38D7Zw2CTbFErapwQVlCiT5DMJcVWKQ1MMdTe92PZl/rBQ7qcw==}
    peerDependencies:
      vite: '*'
    peerDependenciesMeta:
      vite:
        optional: true
    dependencies:
      debug: 4.3.4
      globrex: 0.1.2
      tsconfck: 2.1.2
      vite: 5.0.7
    transitivePeerDependencies:
      - supports-color
      - typescript
    dev: true

  /vite@5.0.7:
    resolution: {integrity: sha512-B4T4rJCDPihrQo2B+h1MbeGL/k/GMAHzhQ8S0LjQ142s6/+l3hHTT095ORvsshj4QCkoWu3Xtmob5mazvakaOw==}
    engines: {node: ^18.0.0 || >=20.0.0}
    hasBin: true
    peerDependencies:
      '@types/node': ^18.0.0 || >=20.0.0
      less: '*'
      lightningcss: ^1.21.0
      sass: '*'
      stylus: '*'
      sugarss: '*'
      terser: ^5.4.0
    peerDependenciesMeta:
      '@types/node':
        optional: true
      less:
        optional: true
      lightningcss:
        optional: true
      sass:
        optional: true
      stylus:
        optional: true
      sugarss:
        optional: true
      terser:
        optional: true
    dependencies:
      esbuild: 0.19.9
      postcss: 8.4.32
      rollup: 4.7.0
    optionalDependencies:
      fsevents: 2.3.3
    dev: true

  /wrappy@1.0.2:
    resolution: {integrity: sha512-l4Sp/DRseor9wL6EvV2+TuQn63dMkPjZ/sp9XkghTEbV9KlPS1xUsZ3u7/IQO4wxtcFB4bgpQPRcR3QCvezPcQ==}
    dev: true

  /xterm-addon-fit@0.8.0(xterm@5.3.0):
    resolution: {integrity: sha512-yj3Np7XlvxxhYF/EJ7p3KHaMt6OdwQ+HDu573Vx1lRXsVxOcnVJs51RgjZOouIZOczTsskaS+CpXspK81/DLqw==}
    peerDependencies:
      xterm: ^5.0.0
    dependencies:
      xterm: 5.3.0
    dev: true

  /xterm@5.3.0:
    resolution: {integrity: sha512-8QqjlekLUFTrU6x7xck1MsPzPA571K5zNqWm0M0oroYEWVOptZ0+ubQSkQ3uxIEhcIHRujJy6emDWX4A7qyFzg==}
    dev: true
